// !$*UTF8*$!
{
	archiveVersion = 1;
	classes = {
	};
	objectVersion = 56;
	objects = {

/* Begin PBXBuildFile section */
		9B12441929D03BCA00191FCB /* InjectionContainer.swift in Sources */ = {isa = PBXBuildFile; fileRef = 9B12441829D03BCA00191FCB /* InjectionContainer.swift */; };
		9B12441D29D0403900191FCB /* Swinject in Frameworks */ = {isa = PBXBuildFile; productRef = 9B12441C29D0403900191FCB /* Swinject */; };
		9B12442029D0405D00191FCB /* SwinjectAutoregistration in Frameworks */ = {isa = PBXBuildFile; productRef = 9B12441F29D0405D00191FCB /* SwinjectAutoregistration */; };
		9B12442429D041A300191FCB /* Article.swift in Sources */ = {isa = PBXBuildFile; fileRef = 9B12442329D041A300191FCB /* Article.swift */; };
		9B12442629D041EC00191FCB /* Source.swift in Sources */ = {isa = PBXBuildFile; fileRef = 9B12442529D041EC00191FCB /* Source.swift */; };
		9B5CE78529CEE78A00EDB6C9 /* iNewsOsApp.swift in Sources */ = {isa = PBXBuildFile; fileRef = 9B5CE78429CEE78A00EDB6C9 /* iNewsOsApp.swift */; };
		9B5CE78929CEE78A00EDB6C9 /* Assets.xcassets in Resources */ = {isa = PBXBuildFile; fileRef = 9B5CE78829CEE78A00EDB6C9 /* Assets.xcassets */; };
		9B5CE78C29CEE78A00EDB6C9 /* Preview Assets.xcassets in Resources */ = {isa = PBXBuildFile; fileRef = 9B5CE78B29CEE78A00EDB6C9 /* Preview Assets.xcassets */; };
		9B5CE79629CEE78A00EDB6C9 /* iNewsOsTests.swift in Sources */ = {isa = PBXBuildFile; fileRef = 9B5CE79529CEE78A00EDB6C9 /* iNewsOsTests.swift */; };
		9B5CE7A029CEE78A00EDB6C9 /* iNewsOsUITests.swift in Sources */ = {isa = PBXBuildFile; fileRef = 9B5CE79F29CEE78A00EDB6C9 /* iNewsOsUITests.swift */; };
		9B5CE7A229CEE78A00EDB6C9 /* iNewsOsUITestsLaunchTests.swift in Sources */ = {isa = PBXBuildFile; fileRef = 9B5CE7A129CEE78A00EDB6C9 /* iNewsOsUITestsLaunchTests.swift */; };
		9B5CE7B329CEE84E00EDB6C9 /* NewsResult.swift in Sources */ = {isa = PBXBuildFile; fileRef = 9B5CE7AF29CEE84E00EDB6C9 /* NewsResult.swift */; };
		9B5CE7B429CEE84E00EDB6C9 /* ArticleResponse.swift in Sources */ = {isa = PBXBuildFile; fileRef = 9B5CE7B029CEE84E00EDB6C9 /* ArticleResponse.swift */; };
		9B5CE7B529CEE84E00EDB6C9 /* JSONSchemaSupport.swift in Sources */ = {isa = PBXBuildFile; fileRef = 9B5CE7B129CEE84E00EDB6C9 /* JSONSchemaSupport.swift */; };
		9B5CE7B629CEE84E00EDB6C9 /* SourceResponse.swift in Sources */ = {isa = PBXBuildFile; fileRef = 9B5CE7B229CEE84E00EDB6C9 /* SourceResponse.swift */; };
		9B5CE7B929CEE88900EDB6C9 /* Alamofire in Frameworks */ = {isa = PBXBuildFile; productRef = 9B5CE7B829CEE88900EDB6C9 /* Alamofire */; };
		9B78343229D8047A0089645C /* NewsRepository.swift in Sources */ = {isa = PBXBuildFile; fileRef = 9B78343129D8047A0089645C /* NewsRepository.swift */; };
		9B78343529D80BCB0089645C /* NewsRepositoryImpl.swift in Sources */ = {isa = PBXBuildFile; fileRef = 9B78343429D80BCB0089645C /* NewsRepositoryImpl.swift */; };
		9B78343929D80C140089645C /* NewsRemoteDataSource.swift in Sources */ = {isa = PBXBuildFile; fileRef = 9B78343829D80C140089645C /* NewsRemoteDataSource.swift */; };
		9B78343C29D80F630089645C /* Configuration.swift in Sources */ = {isa = PBXBuildFile; fileRef = 9B78343B29D80F630089645C /* Configuration.swift */; };
		9B78344029D8156C0089645C /* NewsViewModel.swift in Sources */ = {isa = PBXBuildFile; fileRef = 9B78343F29D8156C0089645C /* NewsViewModel.swift */; };
		9B78344529D945B90089645C /* NewsPage.swift in Sources */ = {isa = PBXBuildFile; fileRef = 9B78344429D945B90089645C /* NewsPage.swift */; };
		9B78344729D964B20089645C /* NewsDetailPage.swift in Sources */ = {isa = PBXBuildFile; fileRef = 9B78344629D964B20089645C /* NewsDetailPage.swift */; };
		9B78344929D964BC0089645C /* AboutPage.swift in Sources */ = {isa = PBXBuildFile; fileRef = 9B78344829D964BC0089645C /* AboutPage.swift */; };
		9B78344B29D96B460089645C /* WebViewComponent.swift in Sources */ = {isa = PBXBuildFile; fileRef = 9B78344A29D96B460089645C /* WebViewComponent.swift */; };
		9B78344E29D96CF10089645C /* WebViewPage.swift in Sources */ = {isa = PBXBuildFile; fileRef = 9B78344D29D96CF10089645C /* WebViewPage.swift */; };
		9BC8675429D748500048A392 /* ApiKeyAdapter.swift in Sources */ = {isa = PBXBuildFile; fileRef = 9BC8675329D748500048A392 /* ApiKeyAdapter.swift */; };
		9BC8675629D74E220048A392 /* Failure.swift in Sources */ = {isa = PBXBuildFile; fileRef = 9BC8675529D74E220048A392 /* Failure.swift */; };
		9BC8675929D753770048A392 /* UseCase.swift in Sources */ = {isa = PBXBuildFile; fileRef = 9BC8675829D753770048A392 /* UseCase.swift */; };
		9BC8675B29D756620048A392 /* GetTrendingArticles.swift in Sources */ = {isa = PBXBuildFile; fileRef = 9BC8675A29D756620048A392 /* GetTrendingArticles.swift */; };
/* End PBXBuildFile section */

/* Begin PBXContainerItemProxy section */
		9B5CE79229CEE78A00EDB6C9 /* PBXContainerItemProxy */ = {
			isa = PBXContainerItemProxy;
			containerPortal = 9B5CE77929CEE78A00EDB6C9 /* Project object */;
			proxyType = 1;
			remoteGlobalIDString = 9B5CE78029CEE78A00EDB6C9;
			remoteInfo = iNewsOs;
		};
		9B5CE79C29CEE78A00EDB6C9 /* PBXContainerItemProxy */ = {
			isa = PBXContainerItemProxy;
			containerPortal = 9B5CE77929CEE78A00EDB6C9 /* Project object */;
			proxyType = 1;
			remoteGlobalIDString = 9B5CE78029CEE78A00EDB6C9;
			remoteInfo = iNewsOs;
		};
/* End PBXContainerItemProxy section */

/* Begin PBXFileReference section */
		9B12441829D03BCA00191FCB /* InjectionContainer.swift */ = {isa = PBXFileReference; lastKnownFileType = sourcecode.swift; path = InjectionContainer.swift; sourceTree = "<group>"; };
		9B12442329D041A300191FCB /* Article.swift */ = {isa = PBXFileReference; lastKnownFileType = sourcecode.swift; path = Article.swift; sourceTree = "<group>"; };
		9B12442529D041EC00191FCB /* Source.swift */ = {isa = PBXFileReference; lastKnownFileType = sourcecode.swift; path = Source.swift; sourceTree = "<group>"; };
		9B5CE78129CEE78A00EDB6C9 /* iNewsOs.app */ = {isa = PBXFileReference; explicitFileType = wrapper.application; includeInIndex = 0; path = iNewsOs.app; sourceTree = BUILT_PRODUCTS_DIR; };
		9B5CE78429CEE78A00EDB6C9 /* iNewsOsApp.swift */ = {isa = PBXFileReference; lastKnownFileType = sourcecode.swift; path = iNewsOsApp.swift; sourceTree = "<group>"; };
		9B5CE78829CEE78A00EDB6C9 /* Assets.xcassets */ = {isa = PBXFileReference; lastKnownFileType = folder.assetcatalog; path = Assets.xcassets; sourceTree = "<group>"; };
		9B5CE78B29CEE78A00EDB6C9 /* Preview Assets.xcassets */ = {isa = PBXFileReference; lastKnownFileType = folder.assetcatalog; path = "Preview Assets.xcassets"; sourceTree = "<group>"; };
		9B5CE79129CEE78A00EDB6C9 /* iNewsOsTests.xctest */ = {isa = PBXFileReference; explicitFileType = wrapper.cfbundle; includeInIndex = 0; path = iNewsOsTests.xctest; sourceTree = BUILT_PRODUCTS_DIR; };
		9B5CE79529CEE78A00EDB6C9 /* iNewsOsTests.swift */ = {isa = PBXFileReference; lastKnownFileType = sourcecode.swift; path = iNewsOsTests.swift; sourceTree = "<group>"; };
		9B5CE79B29CEE78A00EDB6C9 /* iNewsOsUITests.xctest */ = {isa = PBXFileReference; explicitFileType = wrapper.cfbundle; includeInIndex = 0; path = iNewsOsUITests.xctest; sourceTree = BUILT_PRODUCTS_DIR; };
		9B5CE79F29CEE78A00EDB6C9 /* iNewsOsUITests.swift */ = {isa = PBXFileReference; lastKnownFileType = sourcecode.swift; path = iNewsOsUITests.swift; sourceTree = "<group>"; };
		9B5CE7A129CEE78A00EDB6C9 /* iNewsOsUITestsLaunchTests.swift */ = {isa = PBXFileReference; lastKnownFileType = sourcecode.swift; path = iNewsOsUITestsLaunchTests.swift; sourceTree = "<group>"; };
		9B5CE7AF29CEE84E00EDB6C9 /* NewsResult.swift */ = {isa = PBXFileReference; fileEncoding = 4; lastKnownFileType = sourcecode.swift; path = NewsResult.swift; sourceTree = "<group>"; };
		9B5CE7B029CEE84E00EDB6C9 /* ArticleResponse.swift */ = {isa = PBXFileReference; fileEncoding = 4; lastKnownFileType = sourcecode.swift; path = ArticleResponse.swift; sourceTree = "<group>"; };
		9B5CE7B129CEE84E00EDB6C9 /* JSONSchemaSupport.swift */ = {isa = PBXFileReference; fileEncoding = 4; lastKnownFileType = sourcecode.swift; path = JSONSchemaSupport.swift; sourceTree = "<group>"; };
		9B5CE7B229CEE84E00EDB6C9 /* SourceResponse.swift */ = {isa = PBXFileReference; fileEncoding = 4; lastKnownFileType = sourcecode.swift; path = SourceResponse.swift; sourceTree = "<group>"; };
		9B78343129D8047A0089645C /* NewsRepository.swift */ = {isa = PBXFileReference; lastKnownFileType = sourcecode.swift; path = NewsRepository.swift; sourceTree = "<group>"; };
		9B78343429D80BCB0089645C /* NewsRepositoryImpl.swift */ = {isa = PBXFileReference; lastKnownFileType = sourcecode.swift; path = NewsRepositoryImpl.swift; sourceTree = "<group>"; };
		9B78343829D80C140089645C /* NewsRemoteDataSource.swift */ = {isa = PBXFileReference; lastKnownFileType = sourcecode.swift; path = NewsRemoteDataSource.swift; sourceTree = "<group>"; };
		9B78343B29D80F630089645C /* Configuration.swift */ = {isa = PBXFileReference; lastKnownFileType = sourcecode.swift; path = Configuration.swift; sourceTree = "<group>"; };
		9B78343F29D8156C0089645C /* NewsViewModel.swift */ = {isa = PBXFileReference; lastKnownFileType = sourcecode.swift; path = NewsViewModel.swift; sourceTree = "<group>"; };
		9B78344429D945B90089645C /* NewsPage.swift */ = {isa = PBXFileReference; lastKnownFileType = sourcecode.swift; path = NewsPage.swift; sourceTree = "<group>"; };
		9B78344629D964B20089645C /* NewsDetailPage.swift */ = {isa = PBXFileReference; lastKnownFileType = sourcecode.swift; path = NewsDetailPage.swift; sourceTree = "<group>"; };
		9B78344829D964BC0089645C /* AboutPage.swift */ = {isa = PBXFileReference; lastKnownFileType = sourcecode.swift; path = AboutPage.swift; sourceTree = "<group>"; };
		9B78344A29D96B460089645C /* WebViewComponent.swift */ = {isa = PBXFileReference; lastKnownFileType = sourcecode.swift; path = WebViewComponent.swift; sourceTree = "<group>"; };
		9B78344D29D96CF10089645C /* WebViewPage.swift */ = {isa = PBXFileReference; lastKnownFileType = sourcecode.swift; path = WebViewPage.swift; sourceTree = "<group>"; };
		9BC8675329D748500048A392 /* ApiKeyAdapter.swift */ = {isa = PBXFileReference; lastKnownFileType = sourcecode.swift; path = ApiKeyAdapter.swift; sourceTree = "<group>"; };
		9BC8675529D74E220048A392 /* Failure.swift */ = {isa = PBXFileReference; lastKnownFileType = sourcecode.swift; path = Failure.swift; sourceTree = "<group>"; };
		9BC8675829D753770048A392 /* UseCase.swift */ = {isa = PBXFileReference; lastKnownFileType = sourcecode.swift; path = UseCase.swift; sourceTree = "<group>"; };
		9BC8675A29D756620048A392 /* GetTrendingArticles.swift */ = {isa = PBXFileReference; lastKnownFileType = sourcecode.swift; path = GetTrendingArticles.swift; sourceTree = "<group>"; };
/* End PBXFileReference section */

/* Begin PBXFrameworksBuildPhase section */
		9B5CE77E29CEE78A00EDB6C9 /* Frameworks */ = {
			isa = PBXFrameworksBuildPhase;
			buildActionMask = 2147483647;
			files = (
				9B5CE7B929CEE88900EDB6C9 /* Alamofire in Frameworks */,
				9B12441D29D0403900191FCB /* Swinject in Frameworks */,
				9B12442029D0405D00191FCB /* SwinjectAutoregistration in Frameworks */,
			);
			runOnlyForDeploymentPostprocessing = 0;
		};
		9B5CE78E29CEE78A00EDB6C9 /* Frameworks */ = {
			isa = PBXFrameworksBuildPhase;
			buildActionMask = 2147483647;
			files = (
			);
			runOnlyForDeploymentPostprocessing = 0;
		};
		9B5CE79829CEE78A00EDB6C9 /* Frameworks */ = {
			isa = PBXFrameworksBuildPhase;
			buildActionMask = 2147483647;
			files = (
			);
			runOnlyForDeploymentPostprocessing = 0;
		};
/* End PBXFrameworksBuildPhase section */

/* Begin PBXGroup section */
		9B12441629D03BA500191FCB /* Core */ = {
			isa = PBXGroup;
			children = (
				9B78343A29D80F580089645C /* Utils */,
				9BC8675129D7482E0048A392 /* Network */,
				9B12442929D08DB600191FCB /* Domain */,
				9B12441729D03BB300191FCB /* DI */,
			);
			path = Core;
			sourceTree = "<group>";
		};
		9B12441729D03BB300191FCB /* DI */ = {
			isa = PBXGroup;
			children = (
				9B12441829D03BCA00191FCB /* InjectionContainer.swift */,
			);
			path = DI;
			sourceTree = "<group>";
		};
		9B12441A29D03F0C00191FCB /* Data */ = {
			isa = PBXGroup;
			children = (
				9B78343629D80BFB0089645C /* Datasources */,
				9B5CE7AE29CEE80200EDB6C9 /* Models */,
				9B78343329D80BB10089645C /* Repositories */,
			);
			path = Data;
			sourceTree = "<group>";
		};
		9B12442129D0407500191FCB /* Domain */ = {
			isa = PBXGroup;
			children = (
				9B12442829D04DAA00191FCB /* Repositories */,
				9B12442729D04D9D00191FCB /* Usecases */,
				9B12442229D0408300191FCB /* Entities */,
			);
			path = Domain;
			sourceTree = "<group>";
		};
		9B12442229D0408300191FCB /* Entities */ = {
			isa = PBXGroup;
			children = (
				9B12442329D041A300191FCB /* Article.swift */,
				9B12442529D041EC00191FCB /* Source.swift */,
			);
			path = Entities;
			sourceTree = "<group>";
		};
		9B12442729D04D9D00191FCB /* Usecases */ = {
			isa = PBXGroup;
			children = (
				9BC8675A29D756620048A392 /* GetTrendingArticles.swift */,
			);
			path = Usecases;
			sourceTree = "<group>";
		};
		9B12442829D04DAA00191FCB /* Repositories */ = {
			isa = PBXGroup;
			children = (
				9B78343129D8047A0089645C /* NewsRepository.swift */,
			);
			path = Repositories;
			sourceTree = "<group>";
		};
		9B12442929D08DB600191FCB /* Domain */ = {
			isa = PBXGroup;
			children = (
				9BC8675729D753690048A392 /* Usecases */,
				9BC8675029D73A120048A392 /* Failures */,
			);
			path = Domain;
			sourceTree = "<group>";
		};
		9B5CE77829CEE78A00EDB6C9 = {
			isa = PBXGroup;
			children = (
				9B5CE78329CEE78A00EDB6C9 /* iNewsOs */,
				9B5CE79429CEE78A00EDB6C9 /* iNewsOsTests */,
				9B5CE79E29CEE78A00EDB6C9 /* iNewsOsUITests */,
				9B5CE78229CEE78A00EDB6C9 /* Products */,
			);
			sourceTree = "<group>";
		};
		9B5CE78229CEE78A00EDB6C9 /* Products */ = {
			isa = PBXGroup;
			children = (
				9B5CE78129CEE78A00EDB6C9 /* iNewsOs.app */,
				9B5CE79129CEE78A00EDB6C9 /* iNewsOsTests.xctest */,
				9B5CE79B29CEE78A00EDB6C9 /* iNewsOsUITests.xctest */,
			);
			name = Products;
			sourceTree = "<group>";
		};
		9B5CE78329CEE78A00EDB6C9 /* iNewsOs */ = {
			isa = PBXGroup;
			children = (
				9B5CE78829CEE78A00EDB6C9 /* Assets.xcassets */,
				9B12441629D03BA500191FCB /* Core */,
				9B12441A29D03F0C00191FCB /* Data */,
				9B12442129D0407500191FCB /* Domain */,
				9B78343D29D815460089645C /* Presentation */,
				9B5CE78429CEE78A00EDB6C9 /* iNewsOsApp.swift */,
				9B5CE78A29CEE78A00EDB6C9 /* Preview Content */,
			);
			path = iNewsOs;
			sourceTree = "<group>";
		};
		9B5CE78A29CEE78A00EDB6C9 /* Preview Content */ = {
			isa = PBXGroup;
			children = (
				9B5CE78B29CEE78A00EDB6C9 /* Preview Assets.xcassets */,
			);
			path = "Preview Content";
			sourceTree = "<group>";
		};
		9B5CE79429CEE78A00EDB6C9 /* iNewsOsTests */ = {
			isa = PBXGroup;
			children = (
				9B5CE79529CEE78A00EDB6C9 /* iNewsOsTests.swift */,
			);
			path = iNewsOsTests;
			sourceTree = "<group>";
		};
		9B5CE79E29CEE78A00EDB6C9 /* iNewsOsUITests */ = {
			isa = PBXGroup;
			children = (
				9B5CE79F29CEE78A00EDB6C9 /* iNewsOsUITests.swift */,
				9B5CE7A129CEE78A00EDB6C9 /* iNewsOsUITestsLaunchTests.swift */,
			);
			path = iNewsOsUITests;
			sourceTree = "<group>";
		};
		9B5CE7AE29CEE80200EDB6C9 /* Models */ = {
			isa = PBXGroup;
			children = (
				9B5CE7B029CEE84E00EDB6C9 /* ArticleResponse.swift */,
				9B5CE7B129CEE84E00EDB6C9 /* JSONSchemaSupport.swift */,
				9B5CE7B229CEE84E00EDB6C9 /* SourceResponse.swift */,
				9B5CE7AF29CEE84E00EDB6C9 /* NewsResult.swift */,
			);
			path = Models;
			sourceTree = "<group>";
		};
		9B78343329D80BB10089645C /* Repositories */ = {
			isa = PBXGroup;
			children = (
				9B78343429D80BCB0089645C /* NewsRepositoryImpl.swift */,
			);
			path = Repositories;
			sourceTree = "<group>";
		};
		9B78343629D80BFB0089645C /* Datasources */ = {
			isa = PBXGroup;
			children = (
				9B78343729D80C020089645C /* RemoteDataSources */,
			);
			path = Datasources;
			sourceTree = "<group>";
		};
		9B78343729D80C020089645C /* RemoteDataSources */ = {
			isa = PBXGroup;
			children = (
				9B78343829D80C140089645C /* NewsRemoteDataSource.swift */,
			);
			path = RemoteDataSources;
			sourceTree = "<group>";
		};
		9B78343A29D80F580089645C /* Utils */ = {
			isa = PBXGroup;
			children = (
				9B78343B29D80F630089645C /* Configuration.swift */,
			);
			path = Utils;
			sourceTree = "<group>";
		};
		9B78343D29D815460089645C /* Presentation */ = {
			isa = PBXGroup;
			children = (
				9B78344C29D96CD40089645C /* Components */,
				9B78344129D93A510089645C /* Pages */,
				9B78343E29D8155A0089645C /* ViewModels */,
			);
			path = Presentation;
			sourceTree = "<group>";
		};
		9B78343E29D8155A0089645C /* ViewModels */ = {
			isa = PBXGroup;
			children = (
				9B78343F29D8156C0089645C /* NewsViewModel.swift */,
			);
			path = ViewModels;
			sourceTree = "<group>";
		};
		9B78344129D93A510089645C /* Pages */ = {
			isa = PBXGroup;
			children = (
				9B78344429D945B90089645C /* NewsPage.swift */,
				9B78344629D964B20089645C /* NewsDetailPage.swift */,
				9B78344829D964BC0089645C /* AboutPage.swift */,
				9B78344D29D96CF10089645C /* WebViewPage.swift */,
			);
			path = Pages;
			sourceTree = "<group>";
		};
		9B78344C29D96CD40089645C /* Components */ = {
			isa = PBXGroup;
			children = (
				9B78344A29D96B460089645C /* WebViewComponent.swift */,
			);
			path = Components;
			sourceTree = "<group>";
		};
		9BC8675029D73A120048A392 /* Failures */ = {
			isa = PBXGroup;
			children = (
				9BC8675529D74E220048A392 /* Failure.swift */,
			);
			path = Failures;
			sourceTree = "<group>";
		};
		9BC8675129D7482E0048A392 /* Network */ = {
			isa = PBXGroup;
			children = (
				9BC8675229D748430048A392 /* Adapter */,
			);
			path = Network;
			sourceTree = "<group>";
		};
		9BC8675229D748430048A392 /* Adapter */ = {
			isa = PBXGroup;
			children = (
				9BC8675329D748500048A392 /* ApiKeyAdapter.swift */,
			);
			path = Adapter;
			sourceTree = "<group>";
		};
		9BC8675729D753690048A392 /* Usecases */ = {
			isa = PBXGroup;
			children = (
				9BC8675829D753770048A392 /* UseCase.swift */,
			);
			path = Usecases;
			sourceTree = "<group>";
		};
/* End PBXGroup section */

/* Begin PBXNativeTarget section */
		9B5CE78029CEE78A00EDB6C9 /* iNewsOs */ = {
			isa = PBXNativeTarget;
			buildConfigurationList = 9B5CE7A529CEE78A00EDB6C9 /* Build configuration list for PBXNativeTarget "iNewsOs" */;
			buildPhases = (
				9B5CE77D29CEE78A00EDB6C9 /* Sources */,
				9B5CE77E29CEE78A00EDB6C9 /* Frameworks */,
				9B5CE77F29CEE78A00EDB6C9 /* Resources */,
			);
			buildRules = (
			);
			dependencies = (
			);
			name = iNewsOs;
			packageProductDependencies = (
				9B5CE7B829CEE88900EDB6C9 /* Alamofire */,
				9B12441C29D0403900191FCB /* Swinject */,
				9B12441F29D0405D00191FCB /* SwinjectAutoregistration */,
			);
			productName = iNewsOs;
			productReference = 9B5CE78129CEE78A00EDB6C9 /* iNewsOs.app */;
			productType = "com.apple.product-type.application";
		};
		9B5CE79029CEE78A00EDB6C9 /* iNewsOsTests */ = {
			isa = PBXNativeTarget;
			buildConfigurationList = 9B5CE7A829CEE78A00EDB6C9 /* Build configuration list for PBXNativeTarget "iNewsOsTests" */;
			buildPhases = (
				9B5CE78D29CEE78A00EDB6C9 /* Sources */,
				9B5CE78E29CEE78A00EDB6C9 /* Frameworks */,
				9B5CE78F29CEE78A00EDB6C9 /* Resources */,
			);
			buildRules = (
			);
			dependencies = (
				9B5CE79329CEE78A00EDB6C9 /* PBXTargetDependency */,
			);
			name = iNewsOsTests;
			productName = iNewsOsTests;
			productReference = 9B5CE79129CEE78A00EDB6C9 /* iNewsOsTests.xctest */;
			productType = "com.apple.product-type.bundle.unit-test";
		};
		9B5CE79A29CEE78A00EDB6C9 /* iNewsOsUITests */ = {
			isa = PBXNativeTarget;
			buildConfigurationList = 9B5CE7AB29CEE78A00EDB6C9 /* Build configuration list for PBXNativeTarget "iNewsOsUITests" */;
			buildPhases = (
				9B5CE79729CEE78A00EDB6C9 /* Sources */,
				9B5CE79829CEE78A00EDB6C9 /* Frameworks */,
				9B5CE79929CEE78A00EDB6C9 /* Resources */,
			);
			buildRules = (
			);
			dependencies = (
				9B5CE79D29CEE78A00EDB6C9 /* PBXTargetDependency */,
			);
			name = iNewsOsUITests;
			productName = iNewsOsUITests;
			productReference = 9B5CE79B29CEE78A00EDB6C9 /* iNewsOsUITests.xctest */;
			productType = "com.apple.product-type.bundle.ui-testing";
		};
/* End PBXNativeTarget section */

/* Begin PBXProject section */
		9B5CE77929CEE78A00EDB6C9 /* Project object */ = {
			isa = PBXProject;
			attributes = {
				BuildIndependentTargetsInParallel = 1;
				LastSwiftUpdateCheck = 1420;
				LastUpgradeCheck = 1420;
				TargetAttributes = {
					9B5CE78029CEE78A00EDB6C9 = {
						CreatedOnToolsVersion = 14.2;
					};
					9B5CE79029CEE78A00EDB6C9 = {
						CreatedOnToolsVersion = 14.2;
						TestTargetID = 9B5CE78029CEE78A00EDB6C9;
					};
					9B5CE79A29CEE78A00EDB6C9 = {
						CreatedOnToolsVersion = 14.2;
						TestTargetID = 9B5CE78029CEE78A00EDB6C9;
					};
				};
			};
			buildConfigurationList = 9B5CE77C29CEE78A00EDB6C9 /* Build configuration list for PBXProject "iNewsOs" */;
			compatibilityVersion = "Xcode 14.0";
			developmentRegion = en;
			hasScannedForEncodings = 0;
			knownRegions = (
				en,
				Base,
			);
			mainGroup = 9B5CE77829CEE78A00EDB6C9;
			packageReferences = (
				9B5CE7B729CEE88900EDB6C9 /* XCRemoteSwiftPackageReference "Alamofire" */,
				9B12441B29D0403900191FCB /* XCRemoteSwiftPackageReference "Swinject" */,
				9B12441E29D0405D00191FCB /* XCRemoteSwiftPackageReference "SwinjectAutoregistration" */,
			);
			productRefGroup = 9B5CE78229CEE78A00EDB6C9 /* Products */;
			projectDirPath = "";
			projectRoot = "";
			targets = (
				9B5CE78029CEE78A00EDB6C9 /* iNewsOs */,
				9B5CE79029CEE78A00EDB6C9 /* iNewsOsTests */,
				9B5CE79A29CEE78A00EDB6C9 /* iNewsOsUITests */,
			);
		};
/* End PBXProject section */

/* Begin PBXResourcesBuildPhase section */
		9B5CE77F29CEE78A00EDB6C9 /* Resources */ = {
			isa = PBXResourcesBuildPhase;
			buildActionMask = 2147483647;
			files = (
				9B5CE78C29CEE78A00EDB6C9 /* Preview Assets.xcassets in Resources */,
				9B5CE78929CEE78A00EDB6C9 /* Assets.xcassets in Resources */,
			);
			runOnlyForDeploymentPostprocessing = 0;
		};
		9B5CE78F29CEE78A00EDB6C9 /* Resources */ = {
			isa = PBXResourcesBuildPhase;
			buildActionMask = 2147483647;
			files = (
			);
			runOnlyForDeploymentPostprocessing = 0;
		};
		9B5CE79929CEE78A00EDB6C9 /* Resources */ = {
			isa = PBXResourcesBuildPhase;
			buildActionMask = 2147483647;
			files = (
			);
			runOnlyForDeploymentPostprocessing = 0;
		};
/* End PBXResourcesBuildPhase section */

/* Begin PBXSourcesBuildPhase section */
		9B5CE77D29CEE78A00EDB6C9 /* Sources */ = {
			isa = PBXSourcesBuildPhase;
			buildActionMask = 2147483647;
			files = (
				9B5CE7B529CEE84E00EDB6C9 /* JSONSchemaSupport.swift in Sources */,
				9B78344029D8156C0089645C /* NewsViewModel.swift in Sources */,
				9B5CE7B429CEE84E00EDB6C9 /* ArticleResponse.swift in Sources */,
				9B78343229D8047A0089645C /* NewsRepository.swift in Sources */,
				9BC8675429D748500048A392 /* ApiKeyAdapter.swift in Sources */,
				9B5CE7B629CEE84E00EDB6C9 /* SourceResponse.swift in Sources */,
				9BC8675629D74E220048A392 /* Failure.swift in Sources */,
				9B78344729D964B20089645C /* NewsDetailPage.swift in Sources */,
				9B12441929D03BCA00191FCB /* InjectionContainer.swift in Sources */,
				9B12442429D041A300191FCB /* Article.swift in Sources */,
				9BC8675B29D756620048A392 /* GetTrendingArticles.swift in Sources */,
				9B78343929D80C140089645C /* NewsRemoteDataSource.swift in Sources */,
				9B78343C29D80F630089645C /* Configuration.swift in Sources */,
				9B78343529D80BCB0089645C /* NewsRepositoryImpl.swift in Sources */,
				9B78344929D964BC0089645C /* AboutPage.swift in Sources */,
				9B12442629D041EC00191FCB /* Source.swift in Sources */,
				9B78344E29D96CF10089645C /* WebViewPage.swift in Sources */,
				9B78344B29D96B460089645C /* WebViewComponent.swift in Sources */,
				9BC8675929D753770048A392 /* UseCase.swift in Sources */,
				9B5CE7B329CEE84E00EDB6C9 /* NewsResult.swift in Sources */,
				9B78344529D945B90089645C /* NewsPage.swift in Sources */,
				9B5CE78529CEE78A00EDB6C9 /* iNewsOsApp.swift in Sources */,
			);
			runOnlyForDeploymentPostprocessing = 0;
		};
		9B5CE78D29CEE78A00EDB6C9 /* Sources */ = {
			isa = PBXSourcesBuildPhase;
			buildActionMask = 2147483647;
			files = (
				9B5CE79629CEE78A00EDB6C9 /* iNewsOsTests.swift in Sources */,
			);
			runOnlyForDeploymentPostprocessing = 0;
		};
		9B5CE79729CEE78A00EDB6C9 /* Sources */ = {
			isa = PBXSourcesBuildPhase;
			buildActionMask = 2147483647;
			files = (
				9B5CE7A029CEE78A00EDB6C9 /* iNewsOsUITests.swift in Sources */,
				9B5CE7A229CEE78A00EDB6C9 /* iNewsOsUITestsLaunchTests.swift in Sources */,
			);
			runOnlyForDeploymentPostprocessing = 0;
		};
/* End PBXSourcesBuildPhase section */

/* Begin PBXTargetDependency section */
		9B5CE79329CEE78A00EDB6C9 /* PBXTargetDependency */ = {
			isa = PBXTargetDependency;
			target = 9B5CE78029CEE78A00EDB6C9 /* iNewsOs */;
			targetProxy = 9B5CE79229CEE78A00EDB6C9 /* PBXContainerItemProxy */;
		};
		9B5CE79D29CEE78A00EDB6C9 /* PBXTargetDependency */ = {
			isa = PBXTargetDependency;
			target = 9B5CE78029CEE78A00EDB6C9 /* iNewsOs */;
			targetProxy = 9B5CE79C29CEE78A00EDB6C9 /* PBXContainerItemProxy */;
		};
/* End PBXTargetDependency section */

/* Begin XCBuildConfiguration section */
		9B5CE7A329CEE78A00EDB6C9 /* Debug */ = {
			isa = XCBuildConfiguration;
			buildSettings = {
				ALWAYS_SEARCH_USER_PATHS = NO;
				CLANG_ANALYZER_NONNULL = YES;
				CLANG_ANALYZER_NUMBER_OBJECT_CONVERSION = YES_AGGRESSIVE;
				CLANG_CXX_LANGUAGE_STANDARD = "gnu++20";
				CLANG_ENABLE_MODULES = YES;
				CLANG_ENABLE_OBJC_ARC = YES;
				CLANG_ENABLE_OBJC_WEAK = YES;
				CLANG_WARN_BLOCK_CAPTURE_AUTORELEASING = YES;
				CLANG_WARN_BOOL_CONVERSION = YES;
				CLANG_WARN_COMMA = YES;
				CLANG_WARN_CONSTANT_CONVERSION = YES;
				CLANG_WARN_DEPRECATED_OBJC_IMPLEMENTATIONS = YES;
				CLANG_WARN_DIRECT_OBJC_ISA_USAGE = YES_ERROR;
				CLANG_WARN_DOCUMENTATION_COMMENTS = YES;
				CLANG_WARN_EMPTY_BODY = YES;
				CLANG_WARN_ENUM_CONVERSION = YES;
				CLANG_WARN_INFINITE_RECURSION = YES;
				CLANG_WARN_INT_CONVERSION = YES;
				CLANG_WARN_NON_LITERAL_NULL_CONVERSION = YES;
				CLANG_WARN_OBJC_IMPLICIT_RETAIN_SELF = YES;
				CLANG_WARN_OBJC_LITERAL_CONVERSION = YES;
				CLANG_WARN_OBJC_ROOT_CLASS = YES_ERROR;
				CLANG_WARN_QUOTED_INCLUDE_IN_FRAMEWORK_HEADER = YES;
				CLANG_WARN_RANGE_LOOP_ANALYSIS = YES;
				CLANG_WARN_STRICT_PROTOTYPES = YES;
				CLANG_WARN_SUSPICIOUS_MOVE = YES;
				CLANG_WARN_UNGUARDED_AVAILABILITY = YES_AGGRESSIVE;
				CLANG_WARN_UNREACHABLE_CODE = YES;
				CLANG_WARN__DUPLICATE_METHOD_MATCH = YES;
				COPY_PHASE_STRIP = NO;
				DEBUG_INFORMATION_FORMAT = dwarf;
				ENABLE_STRICT_OBJC_MSGSEND = YES;
				ENABLE_TESTABILITY = YES;
				GCC_C_LANGUAGE_STANDARD = gnu11;
				GCC_DYNAMIC_NO_PIC = NO;
				GCC_NO_COMMON_BLOCKS = YES;
				GCC_OPTIMIZATION_LEVEL = 0;
				GCC_PREPROCESSOR_DEFINITIONS = (
					"DEBUG=1",
					"$(inherited)",
				);
				GCC_WARN_64_TO_32_BIT_CONVERSION = YES;
				GCC_WARN_ABOUT_RETURN_TYPE = YES_ERROR;
				GCC_WARN_UNDECLARED_SELECTOR = YES;
				GCC_WARN_UNINITIALIZED_AUTOS = YES_AGGRESSIVE;
				GCC_WARN_UNUSED_FUNCTION = YES;
				GCC_WARN_UNUSED_VARIABLE = YES;
				IPHONEOS_DEPLOYMENT_TARGET = 16.2;
				MTL_ENABLE_DEBUG_INFO = INCLUDE_SOURCE;
				MTL_FAST_MATH = YES;
				ONLY_ACTIVE_ARCH = YES;
				SDKROOT = iphoneos;
				SWIFT_ACTIVE_COMPILATION_CONDITIONS = DEBUG;
				SWIFT_OPTIMIZATION_LEVEL = "-Onone";
			};
			name = Debug;
		};
		9B5CE7A429CEE78A00EDB6C9 /* Release */ = {
			isa = XCBuildConfiguration;
			buildSettings = {
				ALWAYS_SEARCH_USER_PATHS = NO;
				CLANG_ANALYZER_NONNULL = YES;
				CLANG_ANALYZER_NUMBER_OBJECT_CONVERSION = YES_AGGRESSIVE;
				CLANG_CXX_LANGUAGE_STANDARD = "gnu++20";
				CLANG_ENABLE_MODULES = YES;
				CLANG_ENABLE_OBJC_ARC = YES;
				CLANG_ENABLE_OBJC_WEAK = YES;
				CLANG_WARN_BLOCK_CAPTURE_AUTORELEASING = YES;
				CLANG_WARN_BOOL_CONVERSION = YES;
				CLANG_WARN_COMMA = YES;
				CLANG_WARN_CONSTANT_CONVERSION = YES;
				CLANG_WARN_DEPRECATED_OBJC_IMPLEMENTATIONS = YES;
				CLANG_WARN_DIRECT_OBJC_ISA_USAGE = YES_ERROR;
				CLANG_WARN_DOCUMENTATION_COMMENTS = YES;
				CLANG_WARN_EMPTY_BODY = YES;
				CLANG_WARN_ENUM_CONVERSION = YES;
				CLANG_WARN_INFINITE_RECURSION = YES;
				CLANG_WARN_INT_CONVERSION = YES;
				CLANG_WARN_NON_LITERAL_NULL_CONVERSION = YES;
				CLANG_WARN_OBJC_IMPLICIT_RETAIN_SELF = YES;
				CLANG_WARN_OBJC_LITERAL_CONVERSION = YES;
				CLANG_WARN_OBJC_ROOT_CLASS = YES_ERROR;
				CLANG_WARN_QUOTED_INCLUDE_IN_FRAMEWORK_HEADER = YES;
				CLANG_WARN_RANGE_LOOP_ANALYSIS = YES;
				CLANG_WARN_STRICT_PROTOTYPES = YES;
				CLANG_WARN_SUSPICIOUS_MOVE = YES;
				CLANG_WARN_UNGUARDED_AVAILABILITY = YES_AGGRESSIVE;
				CLANG_WARN_UNREACHABLE_CODE = YES;
				CLANG_WARN__DUPLICATE_METHOD_MATCH = YES;
				COPY_PHASE_STRIP = NO;
				DEBUG_INFORMATION_FORMAT = "dwarf-with-dsym";
				ENABLE_NS_ASSERTIONS = NO;
				ENABLE_STRICT_OBJC_MSGSEND = YES;
				GCC_C_LANGUAGE_STANDARD = gnu11;
				GCC_NO_COMMON_BLOCKS = YES;
				GCC_WARN_64_TO_32_BIT_CONVERSION = YES;
				GCC_WARN_ABOUT_RETURN_TYPE = YES_ERROR;
				GCC_WARN_UNDECLARED_SELECTOR = YES;
				GCC_WARN_UNINITIALIZED_AUTOS = YES_AGGRESSIVE;
				GCC_WARN_UNUSED_FUNCTION = YES;
				GCC_WARN_UNUSED_VARIABLE = YES;
				IPHONEOS_DEPLOYMENT_TARGET = 16.2;
				MTL_ENABLE_DEBUG_INFO = NO;
				MTL_FAST_MATH = YES;
				SDKROOT = iphoneos;
				SWIFT_COMPILATION_MODE = wholemodule;
				SWIFT_OPTIMIZATION_LEVEL = "-O";
				VALIDATE_PRODUCT = YES;
			};
			name = Release;
		};
		9B5CE7A629CEE78A00EDB6C9 /* Debug */ = {
			isa = XCBuildConfiguration;
			buildSettings = {
				ASSETCATALOG_COMPILER_APPICON_NAME = AppIcon;
				ASSETCATALOG_COMPILER_GLOBAL_ACCENT_COLOR_NAME = AccentColor;
				CODE_SIGN_STYLE = Automatic;
				CURRENT_PROJECT_VERSION = 1;
				DEVELOPMENT_ASSET_PATHS = "\"iNewsOs/Preview Content\"";
				DEVELOPMENT_TEAM = 9299QHCW64;
				ENABLE_PREVIEWS = YES;
				GENERATE_INFOPLIST_FILE = YES;
				INFOPLIST_KEY_UIApplicationSceneManifest_Generation = YES;
				INFOPLIST_KEY_UIApplicationSupportsIndirectInputEvents = YES;
				INFOPLIST_KEY_UILaunchScreen_Generation = YES;
				INFOPLIST_KEY_UISupportedInterfaceOrientations_iPad = "UIInterfaceOrientationPortrait UIInterfaceOrientationPortraitUpsideDown UIInterfaceOrientationLandscapeLeft UIInterfaceOrientationLandscapeRight";
				INFOPLIST_KEY_UISupportedInterfaceOrientations_iPhone = "UIInterfaceOrientationPortrait UIInterfaceOrientationLandscapeLeft UIInterfaceOrientationLandscapeRight";
				LD_RUNPATH_SEARCH_PATHS = (
					"$(inherited)",
					"@executable_path/Frameworks",
				);
				MARKETING_VERSION = 1.0;
				PRODUCT_BUNDLE_IDENTIFIER = dev.adryanev.iNewsOs;
				PRODUCT_NAME = "$(TARGET_NAME)";
				SWIFT_EMIT_LOC_STRINGS = YES;
				SWIFT_VERSION = 5.0;
				TARGETED_DEVICE_FAMILY = "1,2";
			};
			name = Debug;
		};
		9B5CE7A729CEE78A00EDB6C9 /* Release */ = {
			isa = XCBuildConfiguration;
			buildSettings = {
				ASSETCATALOG_COMPILER_APPICON_NAME = AppIcon;
				ASSETCATALOG_COMPILER_GLOBAL_ACCENT_COLOR_NAME = AccentColor;
				CODE_SIGN_STYLE = Automatic;
				CURRENT_PROJECT_VERSION = 1;
				DEVELOPMENT_ASSET_PATHS = "\"iNewsOs/Preview Content\"";
				DEVELOPMENT_TEAM = 9299QHCW64;
				ENABLE_PREVIEWS = YES;
				GENERATE_INFOPLIST_FILE = YES;
				INFOPLIST_KEY_UIApplicationSceneManifest_Generation = YES;
				INFOPLIST_KEY_UIApplicationSupportsIndirectInputEvents = YES;
				INFOPLIST_KEY_UILaunchScreen_Generation = YES;
				INFOPLIST_KEY_UISupportedInterfaceOrientations_iPad = "UIInterfaceOrientationPortrait UIInterfaceOrientationPortraitUpsideDown UIInterfaceOrientationLandscapeLeft UIInterfaceOrientationLandscapeRight";
				INFOPLIST_KEY_UISupportedInterfaceOrientations_iPhone = "UIInterfaceOrientationPortrait UIInterfaceOrientationLandscapeLeft UIInterfaceOrientationLandscapeRight";
				LD_RUNPATH_SEARCH_PATHS = (
					"$(inherited)",
					"@executable_path/Frameworks",
				);
				MARKETING_VERSION = 1.0;
				PRODUCT_BUNDLE_IDENTIFIER = dev.adryanev.iNewsOs;
				PRODUCT_NAME = "$(TARGET_NAME)";
				SWIFT_EMIT_LOC_STRINGS = YES;
				SWIFT_VERSION = 5.0;
				TARGETED_DEVICE_FAMILY = "1,2";
			};
			name = Release;
		};
		9B5CE7A929CEE78A00EDB6C9 /* Debug */ = {
			isa = XCBuildConfiguration;
			buildSettings = {
				ALWAYS_EMBED_SWIFT_STANDARD_LIBRARIES = YES;
				BUNDLE_LOADER = "$(TEST_HOST)";
				CODE_SIGN_STYLE = Automatic;
				CURRENT_PROJECT_VERSION = 1;
				DEVELOPMENT_TEAM = 9299QHCW64;
				GENERATE_INFOPLIST_FILE = YES;
				IPHONEOS_DEPLOYMENT_TARGET = 16.2;
				MARKETING_VERSION = 1.0;
				PRODUCT_BUNDLE_IDENTIFIER = dev.adryanev.iNewsOsTests;
				PRODUCT_NAME = "$(TARGET_NAME)";
				SWIFT_EMIT_LOC_STRINGS = NO;
				SWIFT_VERSION = 5.0;
				TARGETED_DEVICE_FAMILY = "1,2";
				TEST_HOST = "$(BUILT_PRODUCTS_DIR)/iNewsOs.app/$(BUNDLE_EXECUTABLE_FOLDER_PATH)/iNewsOs";
			};
			name = Debug;
		};
		9B5CE7AA29CEE78A00EDB6C9 /* Release */ = {
			isa = XCBuildConfiguration;
			buildSettings = {
				ALWAYS_EMBED_SWIFT_STANDARD_LIBRARIES = YES;
				BUNDLE_LOADER = "$(TEST_HOST)";
				CODE_SIGN_STYLE = Automatic;
				CURRENT_PROJECT_VERSION = 1;
				DEVELOPMENT_TEAM = 9299QHCW64;
				GENERATE_INFOPLIST_FILE = YES;
				IPHONEOS_DEPLOYMENT_TARGET = 16.2;
				MARKETING_VERSION = 1.0;
				PRODUCT_BUNDLE_IDENTIFIER = dev.adryanev.iNewsOsTests;
				PRODUCT_NAME = "$(TARGET_NAME)";
				SWIFT_EMIT_LOC_STRINGS = NO;
				SWIFT_VERSION = 5.0;
				TARGETED_DEVICE_FAMILY = "1,2";
				TEST_HOST = "$(BUILT_PRODUCTS_DIR)/iNewsOs.app/$(BUNDLE_EXECUTABLE_FOLDER_PATH)/iNewsOs";
			};
			name = Release;
		};
		9B5CE7AC29CEE78A00EDB6C9 /* Debug */ = {
			isa = XCBuildConfiguration;
			buildSettings = {
				ALWAYS_EMBED_SWIFT_STANDARD_LIBRARIES = YES;
				CODE_SIGN_STYLE = Automatic;
				CURRENT_PROJECT_VERSION = 1;
				DEVELOPMENT_TEAM = 9299QHCW64;
				GENERATE_INFOPLIST_FILE = YES;
				MARKETING_VERSION = 1.0;
				PRODUCT_BUNDLE_IDENTIFIER = dev.adryanev.iNewsOsUITests;
				PRODUCT_NAME = "$(TARGET_NAME)";
				SWIFT_EMIT_LOC_STRINGS = NO;
				SWIFT_VERSION = 5.0;
				TARGETED_DEVICE_FAMILY = "1,2";
				TEST_TARGET_NAME = iNewsOs;
			};
			name = Debug;
		};
		9B5CE7AD29CEE78A00EDB6C9 /* Release */ = {
			isa = XCBuildConfiguration;
			buildSettings = {
				ALWAYS_EMBED_SWIFT_STANDARD_LIBRARIES = YES;
				CODE_SIGN_STYLE = Automatic;
				CURRENT_PROJECT_VERSION = 1;
				DEVELOPMENT_TEAM = 9299QHCW64;
				GENERATE_INFOPLIST_FILE = YES;
				MARKETING_VERSION = 1.0;
				PRODUCT_BUNDLE_IDENTIFIER = dev.adryanev.iNewsOsUITests;
				PRODUCT_NAME = "$(TARGET_NAME)";
				SWIFT_EMIT_LOC_STRINGS = NO;
				SWIFT_VERSION = 5.0;
				TARGETED_DEVICE_FAMILY = "1,2";
				TEST_TARGET_NAME = iNewsOs;
			};
			name = Release;
		};
/* End XCBuildConfiguration section */

/* Begin XCConfigurationList section */
		9B5CE77C29CEE78A00EDB6C9 /* Build configuration list for PBXProject "iNewsOs" */ = {
			isa = XCConfigurationList;
			buildConfigurations = (
				9B5CE7A329CEE78A00EDB6C9 /* Debug */,
				9B5CE7A429CEE78A00EDB6C9 /* Release */,
			);
			defaultConfigurationIsVisible = 0;
			defaultConfigurationName = Release;
		};
		9B5CE7A529CEE78A00EDB6C9 /* Build configuration list for PBXNativeTarget "iNewsOs" */ = {
			isa = XCConfigurationList;
			buildConfigurations = (
				9B5CE7A629CEE78A00EDB6C9 /* Debug */,
				9B5CE7A729CEE78A00EDB6C9 /* Release */,
			);
			defaultConfigurationIsVisible = 0;
			defaultConfigurationName = Release;
		};
		9B5CE7A829CEE78A00EDB6C9 /* Build configuration list for PBXNativeTarget "iNewsOsTests" */ = {
			isa = XCConfigurationList;
			buildConfigurations = (
				9B5CE7A929CEE78A00EDB6C9 /* Debug */,
				9B5CE7AA29CEE78A00EDB6C9 /* Release */,
			);
			defaultConfigurationIsVisible = 0;
			defaultConfigurationName = Release;
		};
		9B5CE7AB29CEE78A00EDB6C9 /* Build configuration list for PBXNativeTarget "iNewsOsUITests" */ = {
			isa = XCConfigurationList;
			buildConfigurations = (
				9B5CE7AC29CEE78A00EDB6C9 /* Debug */,
				9B5CE7AD29CEE78A00EDB6C9 /* Release */,
			);
			defaultConfigurationIsVisible = 0;
			defaultConfigurationName = Release;
		};
/* End XCConfigurationList section */

/* Begin XCRemoteSwiftPackageReference section */
		9B12441B29D0403900191FCB /* XCRemoteSwiftPackageReference "Swinject" */ = {
			isa = XCRemoteSwiftPackageReference;
			repositoryURL = "git@github.com:Swinject/Swinject.git";
			requirement = {
				kind = upToNextMajorVersion;
				minimumVersion = 2.8.3;
			};
		};
		9B12441E29D0405D00191FCB /* XCRemoteSwiftPackageReference "SwinjectAutoregistration" */ = {
			isa = XCRemoteSwiftPackageReference;
			repositoryURL = "git@github.com:Swinject/SwinjectAutoregistration.git";
			requirement = {
				kind = upToNextMajorVersion;
				minimumVersion = 2.8.3;
			};
		};
		9B5CE7B729CEE88900EDB6C9 /* XCRemoteSwiftPackageReference "Alamofire" */ = {
			isa = XCRemoteSwiftPackageReference;
			repositoryURL = "https://github.com/Alamofire/Alamofire.git";
			requirement = {
				kind = upToNextMajorVersion;
				minimumVersion = 5.6.1;
			};
		};
/* End XCRemoteSwiftPackageReference section */

/* Begin XCSwiftPackageProductDependency section */
		9B12441C29D0403900191FCB /* Swinject */ = {
			isa = XCSwiftPackageProductDependency;
			package = 9B12441B29D0403900191FCB /* XCRemoteSwiftPackageReference "Swinject" */;
			productName = Swinject;
		};
		9B12441F29D0405D00191FCB /* SwinjectAutoregistration */ = {
			isa = XCSwiftPackageProductDependency;
			package = 9B12441E29D0405D00191FCB /* XCRemoteSwiftPackageReference "SwinjectAutoregistration" */;
			productName = SwinjectAutoregistration;
		};
		9B5CE7B829CEE88900EDB6C9 /* Alamofire */ = {
			isa = XCSwiftPackageProductDependency;
			package = 9B5CE7B729CEE88900EDB6C9 /* XCRemoteSwiftPackageReference "Alamofire" */;
			productName = Alamofire;
		};
/* End XCSwiftPackageProductDependency section */
	};
	rootObject = 9B5CE77929CEE78A00EDB6C9 /* Project object */;
}
